
Microsoft Visual Studio Solution File, Format Version 12.00
# Visual Studio Version 17
VisualStudioVersion = 17.7.34031.279
MinimumVisualStudioVersion = 10.0.40219.1
Project("{FAE04EC0-301F-11D3-BF4B-00C04F79EFBC}") = "Arreglo", "Arreglo\Arreglo.csproj", "{33C5AEDF-26F1-4B19-8875-76C3CAE9E506}"
EndProject
Project("{FAE04EC0-301F-11D3-BF4B-00C04F79EFBC}") = "PL", "PL\PL.csproj", "{FEC3EAFD-5278-48F9-A593-5D182537C1CF}"
EndProject
Project("{FAE04EC0-301F-11D3-BF4B-00C04F79EFBC}") = "DL", "DL\DL.csproj", "{15030F3D-8CB9-4CDE-85A8-AB77D2BAE462}"
EndProject
Project("{FAE04EC0-301F-11D3-BF4B-00C04F79EFBC}") = "ML", "ML\ML.csproj", "{3D1746FB-CA61-4FE0-8E7A-701EC8D2389E}"
EndProject
Project("{FAE04EC0-301F-11D3-BF4B-00C04F79EFBC}") = "BL", "BL\BL.csproj", "{D266F1A0-66F3-4878-B99A-F4DF1D2F3898}"
EndProject
Global
	GlobalSection(SolutionConfigurationPlatforms) = preSolution
		Debug|Any CPU = Debug|Any CPU
		Release|Any CPU = Release|Any CPU
	EndGlobalSection
	GlobalSection(ProjectConfigurationPlatforms) = postSolution
		{33C5AEDF-26F1-4B19-8875-76C3CAE9E506}.Debug|Any CPU.ActiveCfg = Debug|Any CPU
		{33C5AEDF-26F1-4B19-8875-76C3CAE9E506}.Debug|Any CPU.Build.0 = Debug|Any CPU
		{33C5AEDF-26F1-4B19-8875-76C3CAE9E506}.Release|Any CPU.ActiveCfg = Release|Any CPU
		{33C5AEDF-26F1-4B19-8875-76C3CAE9E506}.Release|Any CPU.Build.0 = Release|Any CPU
		{FEC3EAFD-5278-48F9-A593-5D182537C1CF}.Debug|Any CPU.ActiveCfg = Debug|Any CPU
		{FEC3EAFD-5278-48F9-A593-5D182537C1CF}.Debug|Any CPU.Build.0 = Debug|Any CPU
		{FEC3EAFD-5278-48F9-A593-5D182537C1CF}.Release|Any CPU.ActiveCfg = Release|Any CPU
		{FEC3EAFD-5278-48F9-A593-5D182537C1CF}.Release|Any CPU.Build.0 = Release|Any CPU
		{15030F3D-8CB9-4CDE-85A8-AB77D2BAE462}.Debug|Any CPU.ActiveCfg = Debug|Any CPU
		{15030F3D-8CB9-4CDE-85A8-AB77D2BAE462}.Debug|Any CPU.Build.0 = Debug|Any CPU
		{15030F3D-8CB9-4CDE-85A8-AB77D2BAE462}.Release|Any CPU.ActiveCfg = Release|Any CPU
		{15030F3D-8CB9-4CDE-85A8-AB77D2BAE462}.Release|Any CPU.Build.0 = Release|Any CPU
		{3D1746FB-CA61-4FE0-8E7A-701EC8D2389E}.Debug|Any CPU.ActiveCfg = Debug|Any CPU
		{3D1746FB-CA61-4FE0-8E7A-701EC8D2389E}.Debug|Any CPU.Build.0 = Debug|Any CPU
		{3D1746FB-CA61-4FE0-8E7A-701EC8D2389E}.Release|Any CPU.ActiveCfg = Release|Any CPU
		{3D1746FB-CA61-4FE0-8E7A-701EC8D2389E}.Release|Any CPU.Build.0 = Release|Any CPU
		{D266F1A0-66F3-4878-B99A-F4DF1D2F3898}.Debug|Any CPU.ActiveCfg = Debug|Any CPU
		{D266F1A0-66F3-4878-B99A-F4DF1D2F3898}.Debug|Any CPU.Build.0 = Debug|Any CPU
		{D266F1A0-66F3-4878-B99A-F4DF1D2F3898}.Release|Any CPU.ActiveCfg = Release|Any CPU
		{D266F1A0-66F3-4878-B99A-F4DF1D2F3898}.Release|Any CPU.Build.0 = Release|Any CPU
	EndGlobalSection
	GlobalSection(SolutionProperties) = preSolution
		HideSolutionNode = FALSE
	EndGlobalSection
	GlobalSection(ExtensibilityGlobals) = postSolution
		SolutionGuid = {8B190BDB-482D-4BC4-AE2C-62ED6A285C68}
	EndGlobalSection
EndGlobal
